{
  "version": 4,
  "terraform_version": "0.12.16",
  "serial": 89,
  "lineage": "e6e91259-0a4a-a2dd-6a7a-de10d4265c20",
  "outputs": {
    "ELK_VM_public_IP": {
      "value": "132.145.94.193",
      "type": "string"
    }
  },
  "resources": [
    {
      "mode": "data",
      "type": "oci_core_vnic",
      "name": "elk_vnic",
      "provider": "provider.oci",
      "instances": [
        {
          "schema_version": 0,
          "attributes": {
            "availability_domain": "cHEg:AP-SEOUL-1-AD-1",
            "compartment_id": "ocid1.compartment.oc1..aaaaaaaa3ykvekljhtl7vmunr5xh5lnaqavhsuauuupkm5rbydntku2auxha",
            "defined_tags": {
              "Oracle-Tags.CreatedBy": "oracleidentitycloudservice/donghu.kim@oracle.com",
              "Oracle-Tags.CreatedOn": "2020-04-09T08:25:06.873Z"
            },
            "display_name": "primaryvnic",
            "freeform_tags": {},
            "hostname_label": "elk-0",
            "id": "ocid1.vnic.oc1.ap-seoul-1.abuwgljrndwpw7scwxbdaressn4d5oma66muhcz2utgznqgdgsckzeiov7pa",
            "is_primary": true,
            "mac_address": "02:00:17:00:C5:7D",
            "nsg_ids": [],
            "private_ip_address": "10.1.20.2",
            "public_ip_address": "132.145.94.193",
            "skip_source_dest_check": false,
            "state": "AVAILABLE",
            "subnet_id": "ocid1.subnet.oc1.ap-seoul-1.aaaaaaaaltwcbqui6lwqkd7gn3222xsy4amjm3wzq37xmp2bvngfawcuy3ra",
            "time_created": "2020-04-09 08:25:18.331 +0000 UTC",
            "vnic_id": "ocid1.vnic.oc1.ap-seoul-1.abuwgljrndwpw7scwxbdaressn4d5oma66muhcz2utgznqgdgsckzeiov7pa"
          }
        }
      ]
    },
    {
      "mode": "data",
      "type": "oci_core_vnic_attachments",
      "name": "elk_vnics",
      "provider": "provider.oci",
      "instances": [
        {
          "schema_version": 0,
          "attributes": {
            "availability_domain": "cHEg:AP-SEOUL-1-AD-1",
            "compartment_id": "ocid1.compartment.oc1..aaaaaaaa3ykvekljhtl7vmunr5xh5lnaqavhsuauuupkm5rbydntku2auxha",
            "filter": null,
            "id": "2020-04-09 08:26:35.303651 +0000 UTC",
            "instance_id": "ocid1.instance.oc1.ap-seoul-1.anuwgljruf5awnyczmrs6lne4pqskrbk2uifgebnbc2prfq7simgfdeaddaa",
            "vnic_attachments": [
              {
                "availability_domain": "cHEg:AP-SEOUL-1-AD-1",
                "compartment_id": "ocid1.compartment.oc1..aaaaaaaa3ykvekljhtl7vmunr5xh5lnaqavhsuauuupkm5rbydntku2auxha",
                "create_vnic_details": [],
                "display_name": "",
                "id": "ocid1.vnicattachment.oc1.ap-seoul-1.anuwgljruf5awnycalo52ajicpzoggl4f5whl2ref5gozhjs4dosivvvhdcq",
                "instance_id": "ocid1.instance.oc1.ap-seoul-1.anuwgljruf5awnyczmrs6lne4pqskrbk2uifgebnbc2prfq7simgfdeaddaa",
                "nic_index": 0,
                "state": "ATTACHED",
                "subnet_id": "ocid1.subnet.oc1.ap-seoul-1.aaaaaaaaltwcbqui6lwqkd7gn3222xsy4amjm3wzq37xmp2bvngfawcuy3ra",
                "time_created": "2020-04-09 08:25:18.516 +0000 UTC",
                "vlan_tag": 2988,
                "vnic_id": "ocid1.vnic.oc1.ap-seoul-1.abuwgljrndwpw7scwxbdaressn4d5oma66muhcz2utgznqgdgsckzeiov7pa"
              }
            ],
            "vnic_id": null
          }
        }
      ]
    },
    {
      "mode": "data",
      "type": "oci_identity_availability_domains",
      "name": "ADs",
      "provider": "provider.oci",
      "instances": [
        {
          "schema_version": 0,
          "attributes": {
            "availability_domains": [
              {
                "compartment_id": "ocid1.tenancy.oc1..aaaaaaaamrmwq74gu26strqrpo3whn4gl566udy6oejy6tpd7j33fh225ixa",
                "id": "ocid1.availabilitydomain.oc1..aaaaaaaaiewapowmrwt3u3bwrtixouwohf6cvenkslrz7lnoes3f4ns4skha",
                "name": "cHEg:AP-SEOUL-1-AD-1"
              }
            ],
            "compartment_id": "ocid1.tenancy.oc1..aaaaaaaamrmwq74gu26strqrpo3whn4gl566udy6oejy6tpd7j33fh225ixa",
            "filter": null,
            "id": "2020-04-09 08:24:54.22044 +0000 UTC"
          }
        }
      ]
    },
    {
      "mode": "data",
      "type": "template_file",
      "name": "ELK",
      "provider": "provider.template",
      "instances": [
        {
          "schema_version": 0,
          "attributes": {
            "filename": null,
            "id": "4bdb61da307f0235e719bd28ee897ab5964d44ee9256c377b886f7a6accd4921",
            "rendered": "#!/bin/bash\n\n# Configure firewall\nfirewall-offline-cmd --add-port=9200/tcp\nfirewall-offline-cmd --add-port=5601/tcp\nsystemctl restart firewalld\n\n# Install Java\nyum install -y java\n\n# Install Elasticsearch\nyum install -y https://artifacts.elastic.co/downloads/elasticsearch/elasticsearch-7.6.2-x86_64.rpm\n\n# Install Kibana\nyum install -y https://artifacts.elastic.co/downloads/kibana/kibana-7.6.2-x86_64.rpm\n\n# Install Logstash\nyum install -y https://artifacts.elastic.co/downloads/logstash/logstash-7.6.2.rpm\n\n# Enable and start services\nsystemctl daemon-reload\nsystemctl enable elasticsearch.service\nsystemctl start elasticsearch.service\nsystemctl enable kibana.service\nsystemctl start kibana.service\nsystemctl enable logstash.service\nsystemctl start logstash.service\n",
            "template": "#!/bin/bash\n\n# Configure firewall\nfirewall-offline-cmd --add-port=9200/tcp\nfirewall-offline-cmd --add-port=5601/tcp\nsystemctl restart firewalld\n\n# Install Java\nyum install -y java\n\n# Install Elasticsearch\nyum install -y https://artifacts.elastic.co/downloads/elasticsearch/elasticsearch-7.6.2-x86_64.rpm\n\n# Install Kibana\nyum install -y https://artifacts.elastic.co/downloads/kibana/kibana-7.6.2-x86_64.rpm\n\n# Install Logstash\nyum install -y https://artifacts.elastic.co/downloads/logstash/logstash-7.6.2.rpm\n\n# Enable and start services\nsystemctl daemon-reload\nsystemctl enable elasticsearch.service\nsystemctl start elasticsearch.service\nsystemctl enable kibana.service\nsystemctl start kibana.service\nsystemctl enable logstash.service\nsystemctl start logstash.service\n",
            "vars": null
          }
        }
      ]
    },
    {
      "mode": "managed",
      "type": "oci_core_instance",
      "name": "ELK",
      "each": "list",
      "provider": "provider.oci",
      "instances": [
        {
          "index_key": 0,
          "schema_version": 0,
          "attributes": {
            "agent_config": [
              {
                "is_management_disabled": false,
                "is_monitoring_disabled": false
              }
            ],
            "availability_domain": "cHEg:AP-SEOUL-1-AD-1",
            "boot_volume_id": "ocid1.bootvolume.oc1.ap-seoul-1.abuwgljr3tp5coonm3skywj2bk7yo4l3fwdzbzjbn4zlauo62wxhoglqsezq",
            "compartment_id": "ocid1.compartment.oc1..aaaaaaaa3ykvekljhtl7vmunr5xh5lnaqavhsuauuupkm5rbydntku2auxha",
            "create_vnic_details": [
              {
                "assign_public_ip": "true",
                "defined_tags": {
                  "Oracle-Tags.CreatedBy": "oracleidentitycloudservice/donghu.kim@oracle.com",
                  "Oracle-Tags.CreatedOn": "2020-04-09T08:25:06.873Z"
                },
                "display_name": "primaryvnic",
                "freeform_tags": {},
                "hostname_label": "elk-0",
                "nsg_ids": null,
                "private_ip": "10.1.20.2",
                "skip_source_dest_check": false,
                "subnet_id": "ocid1.subnet.oc1.ap-seoul-1.aaaaaaaaltwcbqui6lwqkd7gn3222xsy4amjm3wzq37xmp2bvngfawcuy3ra"
              }
            ],
            "dedicated_vm_host_id": null,
            "defined_tags": {
              "Oracle-Tags.CreatedBy": "oracleidentitycloudservice/donghu.kim@oracle.com",
              "Oracle-Tags.CreatedOn": "2020-04-09T08:25:06.659Z"
            },
            "display_name": "ELK-0",
            "extended_metadata": null,
            "fault_domain": "FAULT-DOMAIN-2",
            "freeform_tags": {},
            "hostname_label": "elk-0",
            "id": "ocid1.instance.oc1.ap-seoul-1.anuwgljruf5awnyczmrs6lne4pqskrbk2uifgebnbc2prfq7simgfdeaddaa",
            "image": "ocid1.image.oc1.ap-seoul-1.aaaaaaaautl44ij44xudvnu3boasvuvucowuz4avdigc2csahzqmtb37sfwa",
            "ipxe_script": null,
            "is_pv_encryption_in_transit_enabled": null,
            "launch_mode": "NATIVE",
            "launch_options": [
              {
                "boot_volume_type": "PARAVIRTUALIZED",
                "firmware": "UEFI_64",
                "is_consistent_volume_naming_enabled": true,
                "is_pv_encryption_in_transit_enabled": false,
                "network_type": "PARAVIRTUALIZED",
                "remote_data_volume_type": "PARAVIRTUALIZED"
              }
            ],
            "metadata": {
              "ssh_authorized_keys": "ssh-rsa AAAAB3NzaC1yc2EAAAADAQABAAABAQDnV1Flgu2pg4Uwn3b+eonrAvJBLeQV1lSwkrUa2TEnH9KNajvJ/HJsGme96zSlCzA28VN5HX1EAdM3FS5ik7w2QQLtWzZ40qYmsFn+lvQw1+Dy0usTuHSOoTVb732xiMZkSYu+gV45xhbZOlWGuwQqn7hb4mH2jXjMclrh0vRKoZZgzws+2OFVQ/J+WjHCVxtX1sEQTNRYtNlE/ADfhlh7ODGcl1U7zFU0JDtPhf0Vy731fqL9+hLH96YcUag7lrAM9XmQGyiZZbDvwWklM+M15yUWjJ41KsimQ0vI9cgRvFvxnwkGKKKTlZoMKcLvOmcTXKWzIfC091aXmt895FVn DonghuKim@MacBook-Pro.local\n",
              "user_data": "IyEvYmluL2Jhc2gKCiMgQ29uZmlndXJlIGZpcmV3YWxsCmZpcmV3YWxsLW9mZmxpbmUtY21kIC0tYWRkLXBvcnQ9OTIwMC90Y3AKZmlyZXdhbGwtb2ZmbGluZS1jbWQgLS1hZGQtcG9ydD01NjAxL3RjcApzeXN0ZW1jdGwgcmVzdGFydCBmaXJld2FsbGQKCiMgSW5zdGFsbCBKYXZhCnl1bSBpbnN0YWxsIC15IGphdmEKCiMgSW5zdGFsbCBFbGFzdGljc2VhcmNoCnl1bSBpbnN0YWxsIC15IGh0dHBzOi8vYXJ0aWZhY3RzLmVsYXN0aWMuY28vZG93bmxvYWRzL2VsYXN0aWNzZWFyY2gvZWxhc3RpY3NlYXJjaC03LjYuMi14ODZfNjQucnBtCgojIEluc3RhbGwgS2liYW5hCnl1bSBpbnN0YWxsIC15IGh0dHBzOi8vYXJ0aWZhY3RzLmVsYXN0aWMuY28vZG93bmxvYWRzL2tpYmFuYS9raWJhbmEtNy42LjIteDg2XzY0LnJwbQoKIyBJbnN0YWxsIExvZ3N0YXNoCnl1bSBpbnN0YWxsIC15IGh0dHBzOi8vYXJ0aWZhY3RzLmVsYXN0aWMuY28vZG93bmxvYWRzL2xvZ3N0YXNoL2xvZ3N0YXNoLTcuNi4yLnJwbQoKIyBFbmFibGUgYW5kIHN0YXJ0IHNlcnZpY2VzCnN5c3RlbWN0bCBkYWVtb24tcmVsb2FkCnN5c3RlbWN0bCBlbmFibGUgZWxhc3RpY3NlYXJjaC5zZXJ2aWNlCnN5c3RlbWN0bCBzdGFydCBlbGFzdGljc2VhcmNoLnNlcnZpY2UKc3lzdGVtY3RsIGVuYWJsZSBraWJhbmEuc2VydmljZQpzeXN0ZW1jdGwgc3RhcnQga2liYW5hLnNlcnZpY2UKc3lzdGVtY3RsIGVuYWJsZSBsb2dzdGFzaC5zZXJ2aWNlCnN5c3RlbWN0bCBzdGFydCBsb2dzdGFzaC5zZXJ2aWNlCg=="
            },
            "preserve_boot_volume": null,
            "private_ip": "10.1.20.2",
            "public_ip": "132.145.94.193",
            "region": "ap-seoul-1",
            "shape": "VM.Standard2.2",
            "source_details": [
              {
                "boot_volume_size_in_gbs": "47",
                "kms_key_id": "",
                "source_id": "ocid1.image.oc1.ap-seoul-1.aaaaaaaautl44ij44xudvnu3boasvuvucowuz4avdigc2csahzqmtb37sfwa",
                "source_type": "image"
              }
            ],
            "state": "RUNNING",
            "subnet_id": "ocid1.subnet.oc1.ap-seoul-1.aaaaaaaaltwcbqui6lwqkd7gn3222xsy4amjm3wzq37xmp2bvngfawcuy3ra",
            "system_tags": {},
            "time_created": "2020-04-09 08:25:07.506 +0000 UTC",
            "time_maintenance_reboot_due": "",
            "timeouts": null
          },
          "private": "eyJlMmJmYjczMC1lY2FhLTExZTYtOGY4OC0zNDM2M2JjN2M0YzAiOnsiY3JlYXRlIjo3MjAwMDAwMDAwMDAwLCJkZWxldGUiOjcyMDAwMDAwMDAwMDAsInVwZGF0ZSI6NzIwMDAwMDAwMDAwMH19",
          "dependencies": [
            "oci_core_internet_gateway.ELKIG",
            "oci_core_route_table.ELKRT",
            "oci_core_security_list.ELKSecurityList",
            "oci_core_subnet.ELKSubnet",
            "oci_core_virtual_network.ELKVCN"
          ]
        }
      ]
    },
    {
      "mode": "managed",
      "type": "oci_core_internet_gateway",
      "name": "ELKIG",
      "provider": "provider.oci",
      "instances": [
        {
          "schema_version": 0,
          "attributes": {
            "compartment_id": "ocid1.compartment.oc1..aaaaaaaa3ykvekljhtl7vmunr5xh5lnaqavhsuauuupkm5rbydntku2auxha",
            "defined_tags": {
              "Oracle-Tags.CreatedBy": "oracleidentitycloudservice/donghu.kim@oracle.com",
              "Oracle-Tags.CreatedOn": "2020-04-09T08:25:05.158Z"
            },
            "display_name": "ELKIG",
            "enabled": true,
            "freeform_tags": {},
            "id": "ocid1.internetgateway.oc1.ap-seoul-1.aaaaaaaafslo6gy5ti6pqtip7qh5dpu7j67g6wmpiidak2a5zlggtzhfua6a",
            "state": "AVAILABLE",
            "time_created": "2020-04-09 08:25:05.173 +0000 UTC",
            "timeouts": null,
            "vcn_id": "ocid1.vcn.oc1.ap-seoul-1.amaaaaaauf5awnya7s55ttsceyox32x6giqi5pp3otbagb5q4yw3o57d62hq"
          },
          "private": "eyJlMmJmYjczMC1lY2FhLTExZTYtOGY4OC0zNDM2M2JjN2M0YzAiOnsiY3JlYXRlIjo5MDAwMDAwMDAwMDAsImRlbGV0ZSI6OTAwMDAwMDAwMDAwLCJ1cGRhdGUiOjkwMDAwMDAwMDAwMH19",
          "dependencies": [
            "oci_core_virtual_network.ELKVCN"
          ]
        }
      ]
    },
    {
      "mode": "managed",
      "type": "oci_core_route_table",
      "name": "ELKRT",
      "provider": "provider.oci",
      "instances": [
        {
          "schema_version": 0,
          "attributes": {
            "compartment_id": "ocid1.compartment.oc1..aaaaaaaa3ykvekljhtl7vmunr5xh5lnaqavhsuauuupkm5rbydntku2auxha",
            "defined_tags": {
              "Oracle-Tags.CreatedBy": "oracleidentitycloudservice/donghu.kim@oracle.com",
              "Oracle-Tags.CreatedOn": "2020-04-09T08:25:05.517Z"
            },
            "display_name": "ELKRouteTable",
            "freeform_tags": {},
            "id": "ocid1.routetable.oc1.ap-seoul-1.aaaaaaaazifh6rgfock53kum76gb5hvjfgflnfq7vqshugwrgbigwxicc25q",
            "route_rules": [
              {
                "cidr_block": "",
                "description": "",
                "destination": "0.0.0.0/0",
                "destination_type": "CIDR_BLOCK",
                "network_entity_id": "ocid1.internetgateway.oc1.ap-seoul-1.aaaaaaaafslo6gy5ti6pqtip7qh5dpu7j67g6wmpiidak2a5zlggtzhfua6a"
              }
            ],
            "state": "AVAILABLE",
            "time_created": "2020-04-09 08:25:05.539 +0000 UTC",
            "timeouts": null,
            "vcn_id": "ocid1.vcn.oc1.ap-seoul-1.amaaaaaauf5awnya7s55ttsceyox32x6giqi5pp3otbagb5q4yw3o57d62hq"
          },
          "private": "eyJlMmJmYjczMC1lY2FhLTExZTYtOGY4OC0zNDM2M2JjN2M0YzAiOnsiY3JlYXRlIjo5MDAwMDAwMDAwMDAsImRlbGV0ZSI6OTAwMDAwMDAwMDAwLCJ1cGRhdGUiOjkwMDAwMDAwMDAwMH19",
          "dependencies": [
            "oci_core_internet_gateway.ELKIG",
            "oci_core_virtual_network.ELKVCN"
          ]
        }
      ]
    },
    {
      "mode": "managed",
      "type": "oci_core_security_list",
      "name": "ELKSecurityList",
      "provider": "provider.oci",
      "instances": [
        {
          "schema_version": 0,
          "attributes": {
            "compartment_id": "ocid1.compartment.oc1..aaaaaaaa3ykvekljhtl7vmunr5xh5lnaqavhsuauuupkm5rbydntku2auxha",
            "defined_tags": {
              "Oracle-Tags.CreatedBy": "oracleidentitycloudservice/donghu.kim@oracle.com",
              "Oracle-Tags.CreatedOn": "2020-04-09T08:25:05.315Z"
            },
            "display_name": "ELKSecurityList",
            "egress_security_rules": [
              {
                "description": "",
                "destination": "0.0.0.0/0",
                "destination_type": "CIDR_BLOCK",
                "icmp_options": [],
                "protocol": "6",
                "stateless": false,
                "tcp_options": [],
                "udp_options": []
              }
            ],
            "freeform_tags": {},
            "id": "ocid1.securitylist.oc1.ap-seoul-1.aaaaaaaaopiqct77dhey4skxym4qw4rdo62dtcrmenyirgkyollkpls6qnqa",
            "ingress_security_rules": [
              {
                "description": "",
                "icmp_options": [],
                "protocol": "6",
                "source": "0.0.0.0/0",
                "source_type": "CIDR_BLOCK",
                "stateless": false,
                "tcp_options": [
                  {
                    "max": 22,
                    "min": 22,
                    "source_port_range": []
                  }
                ],
                "udp_options": []
              },
              {
                "description": "",
                "icmp_options": [],
                "protocol": "6",
                "source": "0.0.0.0/0",
                "source_type": "CIDR_BLOCK",
                "stateless": false,
                "tcp_options": [
                  {
                    "max": 5601,
                    "min": 5601,
                    "source_port_range": []
                  }
                ],
                "udp_options": []
              },
              {
                "description": "",
                "icmp_options": [],
                "protocol": "6",
                "source": "0.0.0.0/0",
                "source_type": "CIDR_BLOCK",
                "stateless": false,
                "tcp_options": [
                  {
                    "max": 9200,
                    "min": 9200,
                    "source_port_range": []
                  }
                ],
                "udp_options": []
              }
            ],
            "state": "AVAILABLE",
            "time_created": "2020-04-09 08:25:05.324 +0000 UTC",
            "timeouts": null,
            "vcn_id": "ocid1.vcn.oc1.ap-seoul-1.amaaaaaauf5awnya7s55ttsceyox32x6giqi5pp3otbagb5q4yw3o57d62hq"
          },
          "private": "eyJlMmJmYjczMC1lY2FhLTExZTYtOGY4OC0zNDM2M2JjN2M0YzAiOnsiY3JlYXRlIjo5MDAwMDAwMDAwMDAsImRlbGV0ZSI6OTAwMDAwMDAwMDAwLCJ1cGRhdGUiOjkwMDAwMDAwMDAwMH19",
          "dependencies": [
            "oci_core_virtual_network.ELKVCN"
          ]
        }
      ]
    },
    {
      "mode": "managed",
      "type": "oci_core_subnet",
      "name": "ELKSubnet",
      "provider": "provider.oci",
      "instances": [
        {
          "schema_version": 0,
          "attributes": {
            "availability_domain": "cHEg:AP-SEOUL-1-AD-1",
            "cidr_block": "10.1.20.0/24",
            "compartment_id": "ocid1.compartment.oc1..aaaaaaaa3ykvekljhtl7vmunr5xh5lnaqavhsuauuupkm5rbydntku2auxha",
            "defined_tags": {
              "Oracle-Tags.CreatedBy": "oracleidentitycloudservice/donghu.kim@oracle.com",
              "Oracle-Tags.CreatedOn": "2020-04-09T08:25:05.875Z"
            },
            "dhcp_options_id": "ocid1.dhcpoptions.oc1.ap-seoul-1.aaaaaaaacmxkxuohxcofs4bzqqs53erahktrfskoybth42dqqst4qpa2jvqa",
            "display_name": "ELKSubnet",
            "dns_label": "elksubnet",
            "freeform_tags": {},
            "id": "ocid1.subnet.oc1.ap-seoul-1.aaaaaaaaltwcbqui6lwqkd7gn3222xsy4amjm3wzq37xmp2bvngfawcuy3ra",
            "ipv6cidr_block": null,
            "ipv6public_cidr_block": null,
            "ipv6virtual_router_ip": null,
            "prohibit_public_ip_on_vnic": false,
            "route_table_id": "ocid1.routetable.oc1.ap-seoul-1.aaaaaaaazifh6rgfock53kum76gb5hvjfgflnfq7vqshugwrgbigwxicc25q",
            "security_list_ids": [
              "ocid1.securitylist.oc1.ap-seoul-1.aaaaaaaaopiqct77dhey4skxym4qw4rdo62dtcrmenyirgkyollkpls6qnqa"
            ],
            "state": "AVAILABLE",
            "subnet_domain_name": "elksubnet.elkvcn.oraclevcn.com",
            "time_created": "2020-04-09 08:25:06.234 +0000 UTC",
            "timeouts": null,
            "vcn_id": "ocid1.vcn.oc1.ap-seoul-1.amaaaaaauf5awnya7s55ttsceyox32x6giqi5pp3otbagb5q4yw3o57d62hq",
            "virtual_router_ip": "10.1.20.1",
            "virtual_router_mac": "00:00:17:E9:74:B7"
          },
          "private": "eyJlMmJmYjczMC1lY2FhLTExZTYtOGY4OC0zNDM2M2JjN2M0YzAiOnsiY3JlYXRlIjo5MDAwMDAwMDAwMDAsImRlbGV0ZSI6OTAwMDAwMDAwMDAwLCJ1cGRhdGUiOjkwMDAwMDAwMDAwMH19",
          "dependencies": [
            "oci_core_internet_gateway.ELKIG",
            "oci_core_route_table.ELKRT",
            "oci_core_security_list.ELKSecurityList",
            "oci_core_virtual_network.ELKVCN"
          ]
        }
      ]
    },
    {
      "mode": "managed",
      "type": "oci_core_virtual_network",
      "name": "ELKVCN",
      "provider": "provider.oci",
      "instances": [
        {
          "schema_version": 0,
          "attributes": {
            "cidr_block": "10.1.0.0/16",
            "compartment_id": "ocid1.compartment.oc1..aaaaaaaa3ykvekljhtl7vmunr5xh5lnaqavhsuauuupkm5rbydntku2auxha",
            "default_dhcp_options_id": "ocid1.dhcpoptions.oc1.ap-seoul-1.aaaaaaaacmxkxuohxcofs4bzqqs53erahktrfskoybth42dqqst4qpa2jvqa",
            "default_route_table_id": "ocid1.routetable.oc1.ap-seoul-1.aaaaaaaamqjo2ixnmhqssacwtcgtksflxvyrmvvfoc5oemd66wgfwrdjdgma",
            "default_security_list_id": "ocid1.securitylist.oc1.ap-seoul-1.aaaaaaaaxgfg7snjcbgqiuujipjwk63tqmslk5dbfqca3c7wjs73sqvdrytq",
            "defined_tags": {
              "Oracle-Tags.CreatedBy": "oracleidentitycloudservice/donghu.kim@oracle.com",
              "Oracle-Tags.CreatedOn": "2020-04-09T08:25:04.751Z"
            },
            "display_name": "ELKVCN",
            "dns_label": "elkvcn",
            "freeform_tags": {},
            "id": "ocid1.vcn.oc1.ap-seoul-1.amaaaaaauf5awnya7s55ttsceyox32x6giqi5pp3otbagb5q4yw3o57d62hq",
            "ipv6cidr_block": null,
            "ipv6public_cidr_block": null,
            "is_ipv6enabled": null,
            "state": "AVAILABLE",
            "time_created": "2020-04-09 08:25:04.754 +0000 UTC",
            "timeouts": null,
            "vcn_domain_name": "elkvcn.oraclevcn.com"
          },
          "private": "eyJlMmJmYjczMC1lY2FhLTExZTYtOGY4OC0zNDM2M2JjN2M0YzAiOnsiY3JlYXRlIjo5MDAwMDAwMDAwMDAsImRlbGV0ZSI6OTAwMDAwMDAwMDAwLCJ1cGRhdGUiOjkwMDAwMDAwMDAwMH19"
        }
      ]
    }
  ]
}
