{
  "version": 4,
  "terraform_version": "0.12.16",
  "serial": 1,
  "lineage": "f8844d32-c08e-26d9-c5f9-a97279cf6725",
  "outputs": {
    "comments": {
      "value": "This object storage is built by Oracle Resource Manager with Terraform",
      "type": "string"
    },
    "dev": {
      "value": "Made by Dan",
      "type": "string"
    }
  },
  "resources": [
    {
      "mode": "data",
      "type": "oci_identity_availability_domains",
      "name": "ads",
      "provider": "provider.oci",
      "instances": [
        {
          "schema_version": 0,
          "attributes": {
            "availability_domains": [
              {
                "compartment_id": "ocid1.tenancy.oc1..aaaaaaaaauf5bvhakotwdbgxylvzh5ls24n3b47e76orsb2ztiohc5aghq6a",
                "id": "ocid1.availabilitydomain.oc1..aaaaaaaaiewapowmrwt3u3bwrtixouwohf6cvenkslrz7lnoes3f4ns4skha",
                "name": "sAyj:AP-SEOUL-1-AD-1"
              }
            ],
            "compartment_id": "ocid1.tenancy.oc1..aaaaaaaaauf5bvhakotwdbgxylvzh5ls24n3b47e76orsb2ztiohc5aghq6a",
            "filter": null,
            "id": "2019-12-03 08:20:45.412534 +0000 UTC"
          }
        }
      ]
    },
    {
      "mode": "managed",
      "type": "oci_core_instance",
      "name": "TFInstance",
      "each": "list",
      "provider": "provider.oci",
      "instances": [
        {
          "index_key": 0,
          "schema_version": 0,
          "attributes": {
            "agent_config": [
              {
                "is_monitoring_disabled": false
              }
            ],
            "availability_domain": "sAyj:AP-SEOUL-1-AD-1",
            "boot_volume_id": "ocid1.bootvolume.oc1.ap-seoul-1.abuwgljr2asxw43ct6gyivrrjcysbjvul5spffuqkua5nk56w52csaslehia",
            "compartment_id": "ocid1.compartment.oc1..aaaaaaaamqu2fzcbjklslrxob6keaf22l5p4yplrfmcdptkqowivl7532mcq",
            "create_vnic_details": [
              {
                "assign_public_ip": "true",
                "defined_tags": {},
                "display_name": "primaryvnic",
                "freeform_tags": {},
                "hostname_label": "tfexampleinstance0",
                "nsg_ids": null,
                "private_ip": "10.0.0.26",
                "skip_source_dest_check": false,
                "subnet_id": "ocid1.subnet.oc1.ap-seoul-1.aaaaaaaal77alzwijszm3js7vlmvwjoxahb6o7xodzw7yqmra3vladujbnta"
              }
            ],
            "dedicated_vm_host_id": "ocid1.dedicatedvmhost.oc1.ap-seoul-1.anuwgljrmfy5exqcdmiqpxufjsc6famzodmhmw7dbsukldyiaowpjfoil4ja",
            "defined_tags": {},
            "display_name": "TFInstance0",
            "extended_metadata": null,
            "fault_domain": "FAULT-DOMAIN-3",
            "freeform_tags": {},
            "hostname_label": "tfexampleinstance0",
            "id": "ocid1.instance.oc1.ap-seoul-1.anuwgljr2jjvqsqceotp7g4yaifesf3gryfoziru7juosbqrxmccbiak44la",
            "image": "ocid1.image.oc1.ap-seoul-1.aaaaaaaavwjewurl3nvcyq6bgpbrapk4wfwu6qz2ljlrj2yk3cfqexeq64na",
            "ipxe_script": null,
            "is_pv_encryption_in_transit_enabled": null,
            "launch_mode": "NATIVE",
            "launch_options": [
              {
                "boot_volume_type": "PARAVIRTUALIZED",
                "firmware": "UEFI_64",
                "is_consistent_volume_naming_enabled": true,
                "is_pv_encryption_in_transit_enabled": true,
                "network_type": "PARAVIRTUALIZED",
                "remote_data_volume_type": "PARAVIRTUALIZED"
              }
            ],
            "metadata": null,
            "preserve_boot_volume": null,
            "private_ip": "10.0.0.26",
            "public_ip": "140.238.1.74",
            "region": "ap-seoul-1",
            "shape": "VM.Standard2.1",
            "source_details": [
              {
                "boot_volume_size_in_gbs": "47",
                "kms_key_id": "",
                "source_id": "ocid1.image.oc1.ap-seoul-1.aaaaaaaavwjewurl3nvcyq6bgpbrapk4wfwu6qz2ljlrj2yk3cfqexeq64na",
                "source_type": "image"
              }
            ],
            "state": "RUNNING",
            "subnet_id": "ocid1.subnet.oc1.ap-seoul-1.aaaaaaaal77alzwijszm3js7vlmvwjoxahb6o7xodzw7yqmra3vladujbnta",
            "system_tags": {},
            "time_created": "2019-12-03 08:21:54.673 +0000 UTC",
            "time_maintenance_reboot_due": "",
            "timeouts": {
              "create": "60m",
              "delete": null,
              "update": null
            }
          },
          "private": "eyJlMmJmYjczMC1lY2FhLTExZTYtOGY4OC0zNDM2M2JjN2M0YzAiOnsiY3JlYXRlIjozNjAwMDAwMDAwMDAwLCJkZWxldGUiOjcyMDAwMDAwMDAwMDAsInVwZGF0ZSI6NzIwMDAwMDAwMDAwMH19"
        }
      ]
    }
  ]
}
