{
  "version": 4,
  "terraform_version": "0.12.16",
  "serial": 3,
  "lineage": "0f436268-c91b-794c-e160-a27d09f418f4",
  "outputs": {
    "comments": {
      "value": "This object storage is built by Oracle Resource Manager with Terraform",
      "type": "string"
    },
    "dev": {
      "value": "Made by Dan",
      "type": "string"
    }
  },
  "resources": [
    {
      "mode": "data",
      "type": "oci_identity_availability_domains",
      "name": "ads",
      "provider": "provider.oci",
      "instances": [
        {
          "schema_version": 0,
          "attributes": {
            "availability_domains": [
              {
                "compartment_id": "ocid1.tenancy.oc1..aaaaaaaa6ma7kq3bsif76uzqidv22cajs3fpesgpqmmsgxihlbcemkklrsqa",
                "id": "ocid1.availabilitydomain.oc1..aaaaaaaaiewapowmrwt3u3bwrtixouwohf6cvenkslrz7lnoes3f4ns4skha",
                "name": "fttO:AP-SEOUL-1-AD-1"
              }
            ],
            "compartment_id": "ocid1.tenancy.oc1..aaaaaaaa6ma7kq3bsif76uzqidv22cajs3fpesgpqmmsgxihlbcemkklrsqa",
            "filter": null,
            "id": "2019-12-02 09:10:43.530026 +0000 UTC"
          }
        }
      ]
    },
    {
      "mode": "data",
      "type": "oci_objectstorage_namespace",
      "name": "user_namespace",
      "provider": "provider.oci",
      "instances": [
        {
          "schema_version": 0,
          "attributes": {
            "compartment_id": "ocid1.compartment.oc1..aaaaaaaascylaglqxkdzsg3woajozahmtow3psj42ync5jnz6xrqwovhtoxq",
            "id": "2019-12-02 09:10:43.498881 +0000 UTC",
            "namespace": "apackrsct01"
          }
        }
      ]
    },
    {
      "mode": "managed",
      "type": "oci_objectstorage_bucket",
      "name": "mcdorm-bucket",
      "provider": "provider.oci",
      "instances": [
        {
          "schema_version": 0,
          "attributes": {
            "access_type": "NoPublicAccess",
            "approximate_count": null,
            "approximate_size": null,
            "compartment_id": "ocid1.compartment.oc1..aaaaaaaascylaglqxkdzsg3woajozahmtow3psj42ync5jnz6xrqwovhtoxq",
            "created_by": "ocid1.user.oc1..aaaaaaaalpieyqquaaneneuyiifrtfbzwcr3hqd7tqfoobwq7xr4jv5pfz3a",
            "defined_tags": {},
            "etag": "2bf8fe4f-fdc7-4468-a8cf-785078131687",
            "freeform_tags": {
              "Reference": "Created by OCI QuickStart for Free Tier"
            },
            "id": "n/apackrsct01/b/mcdorm-bucket",
            "kms_key_id": null,
            "metadata": null,
            "name": "mcdorm-bucket",
            "namespace": "apackrsct01",
            "object_events_enabled": false,
            "object_lifecycle_policy_etag": null,
            "storage_tier": "Standard",
            "time_created": "2019-12-02 09:10:52.011 +0000 UTC",
            "timeouts": null
          },
          "private": "eyJlMmJmYjczMC1lY2FhLTExZTYtOGY4OC0zNDM2M2JjN2M0YzAiOnsiY3JlYXRlIjo5MDAwMDAwMDAwMDAsImRlbGV0ZSI6OTAwMDAwMDAwMDAwLCJ1cGRhdGUiOjkwMDAwMDAwMDAwMH19"
        }
      ]
    },
    {
      "mode": "managed",
      "type": "oci_objectstorage_object",
      "name": "application-pkg",
      "provider": "provider.oci",
      "instances": [
        {
          "schema_version": 0,
          "attributes": {
            "bucket": "mcdorm-bucket",
            "content": "918e1df9f35e7801fd175ffcdee71f9a",
            "content_encoding": null,
            "content_language": null,
            "content_length": "44",
            "content_md5": "kY4d+fNeeAH9F1/83ucfmg==",
            "content_type": "application/octet-stream",
            "id": "n/apackrsct01/b/mcdorm-bucket/o/application",
            "metadata": null,
            "namespace": "apackrsct01",
            "object": "application",
            "source": null,
            "source_uri_details": [],
            "state": "COMPLETED",
            "timeouts": null,
            "work_request_id": ""
          },
          "private": "eyJlMmJmYjczMC1lY2FhLTExZTYtOGY4OC0zNDM2M2JjN2M0YzAiOnsiY3JlYXRlIjo5MDAwMDAwMDAwMDAsImRlbGV0ZSI6OTAwMDAwMDAwMDAwLCJ1cGRhdGUiOjkwMDAwMDAwMDAwMH19",
          "dependencies": [
            "oci_objectstorage_bucket.mcdorm-bucket"
          ]
        }
      ]
    }
  ]
}
