{
  "version": 4,
  "terraform_version": "0.12.16",
  "serial": 18,
  "lineage": "a2254977-c1c1-1b4d-d2f2-edfc77372719",
  "outputs": {},
  "resources": [
    {
      "module": "module.vcn",
      "mode": "data",
      "type": "oci_identity_availability_domains",
      "name": "ads",
      "provider": "provider.oci",
      "instances": [
        {
          "schema_version": 0,
          "attributes": {
            "availability_domains": [
              {
                "compartment_id": "ocid1.tenancy.oc1..aaaaaaaa2wzbzfdjd46g36dkrl7thlt3njtu7eoicp5waa7lekkigf6clnbq",
                "id": "ocid1.availabilitydomain.oc1..aaaaaaaaiewapowmrwt3u3bwrtixouwohf6cvenkslrz7lnoes3f4ns4skha",
                "name": "TOlV:AP-SEOUL-1-AD-1"
              }
            ],
            "compartment_id": "ocid1.tenancy.oc1..aaaaaaaa2wzbzfdjd46g36dkrl7thlt3njtu7eoicp5waa7lekkigf6clnbq",
            "filter": null,
            "id": "2019-12-05 09:21:33.834142 +0000 UTC"
          }
        }
      ]
    },
    {
      "module": "module.compute",
      "mode": "data",
      "type": "oci_identity_availability_domains",
      "name": "ads",
      "provider": "provider.oci",
      "instances": [
        {
          "schema_version": 0,
          "attributes": {
            "availability_domains": [
              {
                "compartment_id": "ocid1.tenancy.oc1..aaaaaaaa2wzbzfdjd46g36dkrl7thlt3njtu7eoicp5waa7lekkigf6clnbq",
                "id": "ocid1.availabilitydomain.oc1..aaaaaaaaiewapowmrwt3u3bwrtixouwohf6cvenkslrz7lnoes3f4ns4skha",
                "name": "TOlV:AP-SEOUL-1-AD-1"
              }
            ],
            "compartment_id": "ocid1.tenancy.oc1..aaaaaaaa2wzbzfdjd46g36dkrl7thlt3njtu7eoicp5waa7lekkigf6clnbq",
            "filter": null,
            "id": "2019-12-05 09:21:33.829914 +0000 UTC"
          }
        }
      ]
    },
    {
      "module": "module.compartment",
      "mode": "data",
      "type": "oci_identity_compartments",
      "name": "compartments",
      "provider": "provider.oci",
      "instances": [
        {
          "schema_version": 0,
          "attributes": {
            "access_level": null,
            "compartment_id": "ocid1.tenancy.oc1..aaaaaaaa2wzbzfdjd46g36dkrl7thlt3njtu7eoicp5waa7lekkigf6clnbq",
            "compartment_id_in_subtree": null,
            "compartments": [],
            "filter": [
              {
                "name": "name",
                "regex": false,
                "values": [
                  "dan-compartment"
                ]
              }
            ],
            "id": "2019-12-05 09:21:39.342351 +0000 UTC"
          }
        }
      ]
    },
    {
      "module": "module.compute",
      "mode": "managed",
      "type": "oci_core_instance",
      "name": "compute_instance",
      "each": "list",
      "provider": "provider.oci",
      "instances": [
        {
          "index_key": 0,
          "schema_version": 0,
          "attributes": {
            "agent_config": [
              {
                "is_monitoring_disabled": false
              }
            ],
            "availability_domain": "TOlV:AP-SEOUL-1-AD-1",
            "boot_volume_id": "ocid1.bootvolume.oc1.ap-seoul-1.abuwgljr5iowyoh3gzm7vh3lt44phs535fxkpgyua4wx3ehhczy3e24amzta",
            "compartment_id": "ocid1.compartment.oc1..aaaaaaaaq3lh3cozqigm7fxynuymepp6rxtca43lw26yv4lirr3eo7fz4ayq",
            "create_vnic_details": [
              {
                "assign_public_ip": "true",
                "defined_tags": {},
                "display_name": "dan-primaryvnic-6647",
                "freeform_tags": {
                  "freeform_tags": "Freeform Tags"
                },
                "hostname_label": "",
                "nsg_ids": null,
                "private_ip": "10.0.2.3",
                "skip_source_dest_check": false,
                "subnet_id": "ocid1.subnet.oc1.ap-seoul-1.aaaaaaaal3ivnzbjl6fv43mf6tfqq4v6x4brrdpkdjfohk5ktcmviwsdjxga"
              }
            ],
            "dedicated_vm_host_id": null,
            "defined_tags": {},
            "display_name": "dan-instance-6647-1",
            "extended_metadata": null,
            "fault_domain": "FAULT-DOMAIN-3",
            "freeform_tags": {
              "freeform_tags": "Freeform Tags"
            },
            "hostname_label": "",
            "id": "ocid1.instance.oc1.ap-seoul-1.anuwgljrvklossicwmuhxp5r2wh2tkdc3hz3oah2u7catnxtdsxv73xhje3q",
            "image": "ocid1.image.oc1.ap-seoul-1.aaaaaaaavwjewurl3nvcyq6bgpbrapk4wfwu6qz2ljlrj2yk3cfqexeq64na",
            "ipxe_script": null,
            "is_pv_encryption_in_transit_enabled": null,
            "launch_mode": "NATIVE",
            "launch_options": [
              {
                "boot_volume_type": "PARAVIRTUALIZED",
                "firmware": "UEFI_64",
                "is_consistent_volume_naming_enabled": true,
                "is_pv_encryption_in_transit_enabled": true,
                "network_type": "PARAVIRTUALIZED",
                "remote_data_volume_type": "PARAVIRTUALIZED"
              }
            ],
            "metadata": {
              "ssh_authorized_keys": "ssh-rsa AAAAB3NzaC1yc2EAAAADAQABAAABAQDnV1Flgu2pg4Uwn3b+eonrAvJBLeQV1lSwkrUa2TEnH9KNajvJ/HJsGme96zSlCzA28VN5HX1EAdM3FS5ik7w2QQLtWzZ40qYmsFn+lvQw1+Dy0usTuHSOoTVb732xiMZkSYu+gV45xhbZOlWGuwQqn7hb4mH2jXjMclrh0vRKoZZgzws+2OFVQ/J+WjHCVxtX1sEQTNRYtNlE/ADfhlh7ODGcl1U7zFU0JDtPhf0Vy731fqL9+hLH96YcUag7lrAM9XmQGyiZZbDvwWklM+M15yUWjJ41KsimQ0vI9cgRvFvxnwkGKKKTlZoMKcLvOmcTXKWzIfC091aXmt895FVn DonghuKim@MacBook-Pro.local\n"
            },
            "preserve_boot_volume": null,
            "private_ip": "10.0.2.3",
            "public_ip": "132.145.92.3",
            "region": "ap-seoul-1",
            "shape": "VM.Standard2.1",
            "source_details": [
              {
                "boot_volume_size_in_gbs": "47",
                "kms_key_id": "",
                "source_id": "ocid1.image.oc1.ap-seoul-1.aaaaaaaavwjewurl3nvcyq6bgpbrapk4wfwu6qz2ljlrj2yk3cfqexeq64na",
                "source_type": "image"
              }
            ],
            "state": "RUNNING",
            "subnet_id": "ocid1.subnet.oc1.ap-seoul-1.aaaaaaaal3ivnzbjl6fv43mf6tfqq4v6x4brrdpkdjfohk5ktcmviwsdjxga",
            "system_tags": {},
            "time_created": "2019-12-05 09:21:42.252 +0000 UTC",
            "time_maintenance_reboot_due": "",
            "timeouts": {
              "create": "60m",
              "delete": null,
              "update": null
            }
          },
          "private": "eyJlMmJmYjczMC1lY2FhLTExZTYtOGY4OC0zNDM2M2JjN2M0YzAiOnsiY3JlYXRlIjozNjAwMDAwMDAwMDAwLCJkZWxldGUiOjcyMDAwMDAwMDAwMDAsInVwZGF0ZSI6NzIwMDAwMDAwMDAwMH19",
          "dependencies": [
            "module.compartment.oci_identity_compartment.compartment",
            "module.compartment.random_id.random_id",
            "module.compute.random_id.random_id",
            "module.vcn.oci_core_internet_gateway.igw",
            "module.vcn.oci_core_route_table.public_rt",
            "module.vcn.oci_core_security_list.public_slt",
            "module.vcn.oci_core_subnet.public_subnet",
            "module.vcn.oci_core_virtual_network.vcn",
            "module.vcn.random_id.random_id"
          ]
        },
        {
          "index_key": 1,
          "schema_version": 0,
          "attributes": {
            "agent_config": [
              {
                "is_monitoring_disabled": false
              }
            ],
            "availability_domain": "TOlV:AP-SEOUL-1-AD-1",
            "boot_volume_id": "ocid1.bootvolume.oc1.ap-seoul-1.abuwgljreexcsfrtbo5xp66iaausi57qmk2u7g2smcmm2ioijykpuiya735a",
            "compartment_id": "ocid1.compartment.oc1..aaaaaaaaq3lh3cozqigm7fxynuymepp6rxtca43lw26yv4lirr3eo7fz4ayq",
            "create_vnic_details": [
              {
                "assign_public_ip": "true",
                "defined_tags": {},
                "display_name": "dan-primaryvnic-6647",
                "freeform_tags": {
                  "freeform_tags": "Freeform Tags"
                },
                "hostname_label": "",
                "nsg_ids": null,
                "private_ip": "10.0.2.2",
                "skip_source_dest_check": false,
                "subnet_id": "ocid1.subnet.oc1.ap-seoul-1.aaaaaaaal3ivnzbjl6fv43mf6tfqq4v6x4brrdpkdjfohk5ktcmviwsdjxga"
              }
            ],
            "dedicated_vm_host_id": null,
            "defined_tags": {},
            "display_name": "dan-instance-6647-2",
            "extended_metadata": null,
            "fault_domain": "FAULT-DOMAIN-3",
            "freeform_tags": {
              "freeform_tags": "Freeform Tags"
            },
            "hostname_label": "",
            "id": "ocid1.instance.oc1.ap-seoul-1.anuwgljrvklossicayvdzqw63rk34i34icryi62cpvulpsm4vy2vk2gujcyq",
            "image": "ocid1.image.oc1.ap-seoul-1.aaaaaaaavwjewurl3nvcyq6bgpbrapk4wfwu6qz2ljlrj2yk3cfqexeq64na",
            "ipxe_script": null,
            "is_pv_encryption_in_transit_enabled": null,
            "launch_mode": "NATIVE",
            "launch_options": [
              {
                "boot_volume_type": "PARAVIRTUALIZED",
                "firmware": "UEFI_64",
                "is_consistent_volume_naming_enabled": true,
                "is_pv_encryption_in_transit_enabled": true,
                "network_type": "PARAVIRTUALIZED",
                "remote_data_volume_type": "PARAVIRTUALIZED"
              }
            ],
            "metadata": {
              "ssh_authorized_keys": "ssh-rsa AAAAB3NzaC1yc2EAAAADAQABAAABAQDnV1Flgu2pg4Uwn3b+eonrAvJBLeQV1lSwkrUa2TEnH9KNajvJ/HJsGme96zSlCzA28VN5HX1EAdM3FS5ik7w2QQLtWzZ40qYmsFn+lvQw1+Dy0usTuHSOoTVb732xiMZkSYu+gV45xhbZOlWGuwQqn7hb4mH2jXjMclrh0vRKoZZgzws+2OFVQ/J+WjHCVxtX1sEQTNRYtNlE/ADfhlh7ODGcl1U7zFU0JDtPhf0Vy731fqL9+hLH96YcUag7lrAM9XmQGyiZZbDvwWklM+M15yUWjJ41KsimQ0vI9cgRvFvxnwkGKKKTlZoMKcLvOmcTXKWzIfC091aXmt895FVn DonghuKim@MacBook-Pro.local\n"
            },
            "preserve_boot_volume": null,
            "private_ip": "10.0.2.2",
            "public_ip": "132.145.93.170",
            "region": "ap-seoul-1",
            "shape": "VM.Standard2.1",
            "source_details": [
              {
                "boot_volume_size_in_gbs": "47",
                "kms_key_id": "",
                "source_id": "ocid1.image.oc1.ap-seoul-1.aaaaaaaavwjewurl3nvcyq6bgpbrapk4wfwu6qz2ljlrj2yk3cfqexeq64na",
                "source_type": "image"
              }
            ],
            "state": "RUNNING",
            "subnet_id": "ocid1.subnet.oc1.ap-seoul-1.aaaaaaaal3ivnzbjl6fv43mf6tfqq4v6x4brrdpkdjfohk5ktcmviwsdjxga",
            "system_tags": {},
            "time_created": "2019-12-05 09:21:41.904 +0000 UTC",
            "time_maintenance_reboot_due": "",
            "timeouts": {
              "create": "60m",
              "delete": null,
              "update": null
            }
          },
          "private": "eyJlMmJmYjczMC1lY2FhLTExZTYtOGY4OC0zNDM2M2JjN2M0YzAiOnsiY3JlYXRlIjozNjAwMDAwMDAwMDAwLCJkZWxldGUiOjcyMDAwMDAwMDAwMDAsInVwZGF0ZSI6NzIwMDAwMDAwMDAwMH19",
          "dependencies": [
            "module.compartment.oci_identity_compartment.compartment",
            "module.compartment.random_id.random_id",
            "module.compute.random_id.random_id",
            "module.vcn.oci_core_internet_gateway.igw",
            "module.vcn.oci_core_route_table.public_rt",
            "module.vcn.oci_core_security_list.public_slt",
            "module.vcn.oci_core_subnet.public_subnet",
            "module.vcn.oci_core_virtual_network.vcn",
            "module.vcn.random_id.random_id"
          ]
        }
      ]
    },
    {
      "module": "module.vcn",
      "mode": "managed",
      "type": "oci_core_internet_gateway",
      "name": "igw",
      "provider": "provider.oci",
      "instances": [
        {
          "schema_version": 0,
          "attributes": {
            "compartment_id": "ocid1.compartment.oc1..aaaaaaaaq3lh3cozqigm7fxynuymepp6rxtca43lw26yv4lirr3eo7fz4ayq",
            "defined_tags": {},
            "display_name": "dan-igw-36373",
            "enabled": true,
            "freeform_tags": {
              "freeform_tags": "Freeform Tags"
            },
            "id": "ocid1.internetgateway.oc1.ap-seoul-1.aaaaaaaayg5cxydyu3ro7ltua3bkl36gqs4dx66osqsyyt42pgnhwgztmo4a",
            "state": "AVAILABLE",
            "time_created": "2019-12-05 09:21:40.314 +0000 UTC",
            "timeouts": null,
            "vcn_id": "ocid1.vcn.oc1.ap-seoul-1.aaaaaaaaxreik4vvagsw5tzntq25lu6mbj2no27cblcbi3noufavhwi2vigq"
          },
          "private": "eyJlMmJmYjczMC1lY2FhLTExZTYtOGY4OC0zNDM2M2JjN2M0YzAiOnsiY3JlYXRlIjo5MDAwMDAwMDAwMDAsImRlbGV0ZSI6OTAwMDAwMDAwMDAwLCJ1cGRhdGUiOjkwMDAwMDAwMDAwMH19",
          "dependencies": [
            "module.compartment.oci_identity_compartment.compartment",
            "module.compartment.random_id.random_id",
            "module.vcn.oci_core_virtual_network.vcn",
            "module.vcn.random_id.random_id"
          ]
        }
      ]
    },
    {
      "module": "module.vcn",
      "mode": "managed",
      "type": "oci_core_nat_gateway",
      "name": "nat",
      "provider": "provider.oci",
      "instances": [
        {
          "schema_version": 0,
          "attributes": {
            "block_traffic": false,
            "compartment_id": "ocid1.compartment.oc1..aaaaaaaaq3lh3cozqigm7fxynuymepp6rxtca43lw26yv4lirr3eo7fz4ayq",
            "defined_tags": {},
            "display_name": "dan-nat-36373",
            "freeform_tags": {
              "freeform_tags": "Freeform Tags"
            },
            "id": "ocid1.natgateway.oc1.ap-seoul-1.aaaaaaaamnbjyq6zoq4uby6uzltd3ocet45ut7xwekhxjero5fpvn7fb3rfa",
            "nat_ip": "132.145.86.103",
            "state": "AVAILABLE",
            "time_created": "2019-12-05 09:21:40.154 +0000 UTC",
            "timeouts": null,
            "vcn_id": "ocid1.vcn.oc1.ap-seoul-1.aaaaaaaaxreik4vvagsw5tzntq25lu6mbj2no27cblcbi3noufavhwi2vigq"
          },
          "private": "eyJlMmJmYjczMC1lY2FhLTExZTYtOGY4OC0zNDM2M2JjN2M0YzAiOnsiY3JlYXRlIjo5MDAwMDAwMDAwMDAsImRlbGV0ZSI6OTAwMDAwMDAwMDAwLCJ1cGRhdGUiOjkwMDAwMDAwMDAwMH19",
          "dependencies": [
            "module.compartment.oci_identity_compartment.compartment",
            "module.compartment.random_id.random_id",
            "module.vcn.oci_core_virtual_network.vcn",
            "module.vcn.random_id.random_id"
          ]
        }
      ]
    },
    {
      "module": "module.vcn",
      "mode": "managed",
      "type": "oci_core_route_table",
      "name": "private_rt",
      "provider": "provider.oci",
      "instances": [
        {
          "schema_version": 0,
          "attributes": {
            "compartment_id": "ocid1.compartment.oc1..aaaaaaaaq3lh3cozqigm7fxynuymepp6rxtca43lw26yv4lirr3eo7fz4ayq",
            "defined_tags": {},
            "display_name": "dan-private_rt-36373",
            "freeform_tags": {
              "freeform_tags": "Freeform Tags"
            },
            "id": "ocid1.routetable.oc1.ap-seoul-1.aaaaaaaarulmz4l7n2djrq7hldken5lab7k2nbawfsdnxdhjr67voh7whd7a",
            "route_rules": [
              {
                "cidr_block": "",
                "destination": "0.0.0.0/0",
                "destination_type": "CIDR_BLOCK",
                "network_entity_id": "ocid1.natgateway.oc1.ap-seoul-1.aaaaaaaamnbjyq6zoq4uby6uzltd3ocet45ut7xwekhxjero5fpvn7fb3rfa"
              }
            ],
            "state": "AVAILABLE",
            "time_created": "2019-12-05 09:21:40.945 +0000 UTC",
            "timeouts": null,
            "vcn_id": "ocid1.vcn.oc1.ap-seoul-1.aaaaaaaaxreik4vvagsw5tzntq25lu6mbj2no27cblcbi3noufavhwi2vigq"
          },
          "private": "eyJlMmJmYjczMC1lY2FhLTExZTYtOGY4OC0zNDM2M2JjN2M0YzAiOnsiY3JlYXRlIjo5MDAwMDAwMDAwMDAsImRlbGV0ZSI6OTAwMDAwMDAwMDAwLCJ1cGRhdGUiOjkwMDAwMDAwMDAwMH19",
          "dependencies": [
            "module.compartment.oci_identity_compartment.compartment",
            "module.compartment.random_id.random_id",
            "module.vcn.oci_core_nat_gateway.nat",
            "module.vcn.oci_core_virtual_network.vcn",
            "module.vcn.random_id.random_id"
          ]
        }
      ]
    },
    {
      "module": "module.vcn",
      "mode": "managed",
      "type": "oci_core_route_table",
      "name": "public_rt",
      "provider": "provider.oci",
      "instances": [
        {
          "schema_version": 0,
          "attributes": {
            "compartment_id": "ocid1.compartment.oc1..aaaaaaaaq3lh3cozqigm7fxynuymepp6rxtca43lw26yv4lirr3eo7fz4ayq",
            "defined_tags": {},
            "display_name": "dan-public_rt-36373",
            "freeform_tags": {
              "freeform_tags": "Freeform Tags"
            },
            "id": "ocid1.routetable.oc1.ap-seoul-1.aaaaaaaafv4dt2mt7pvuouy3egz7gwn7xbtysxigmxckvsv46n5vh7ozpc3q",
            "route_rules": [
              {
                "cidr_block": "",
                "destination": "0.0.0.0/0",
                "destination_type": "CIDR_BLOCK",
                "network_entity_id": "ocid1.internetgateway.oc1.ap-seoul-1.aaaaaaaayg5cxydyu3ro7ltua3bkl36gqs4dx66osqsyyt42pgnhwgztmo4a"
              }
            ],
            "state": "AVAILABLE",
            "time_created": "2019-12-05 09:21:40.573 +0000 UTC",
            "timeouts": null,
            "vcn_id": "ocid1.vcn.oc1.ap-seoul-1.aaaaaaaaxreik4vvagsw5tzntq25lu6mbj2no27cblcbi3noufavhwi2vigq"
          },
          "private": "eyJlMmJmYjczMC1lY2FhLTExZTYtOGY4OC0zNDM2M2JjN2M0YzAiOnsiY3JlYXRlIjo5MDAwMDAwMDAwMDAsImRlbGV0ZSI6OTAwMDAwMDAwMDAwLCJ1cGRhdGUiOjkwMDAwMDAwMDAwMH19",
          "dependencies": [
            "module.compartment.oci_identity_compartment.compartment",
            "module.compartment.random_id.random_id",
            "module.vcn.oci_core_internet_gateway.igw",
            "module.vcn.oci_core_virtual_network.vcn",
            "module.vcn.random_id.random_id"
          ]
        }
      ]
    },
    {
      "module": "module.vcn",
      "mode": "managed",
      "type": "oci_core_security_list",
      "name": "private_slt",
      "provider": "provider.oci",
      "instances": [
        {
          "schema_version": 0,
          "attributes": {
            "compartment_id": "ocid1.compartment.oc1..aaaaaaaaq3lh3cozqigm7fxynuymepp6rxtca43lw26yv4lirr3eo7fz4ayq",
            "defined_tags": {},
            "display_name": "dan-private_slt-36373",
            "egress_security_rules": [
              {
                "destination": "0.0.0.0/0",
                "destination_type": "CIDR_BLOCK",
                "icmp_options": [],
                "protocol": "6",
                "stateless": false,
                "tcp_options": [],
                "udp_options": []
              }
            ],
            "freeform_tags": {
              "freeform_tags": "Freeform Tags"
            },
            "id": "ocid1.securitylist.oc1.ap-seoul-1.aaaaaaaatdhlniil7dl4p2dhq76bmmyrvhllhl4lwpcnlggm7zj4po6zr36q",
            "ingress_security_rules": [
              {
                "icmp_options": [],
                "protocol": "6",
                "source": "10.0.2.0/24",
                "source_type": "CIDR_BLOCK",
                "stateless": false,
                "tcp_options": [
                  {
                    "max": 22,
                    "min": 22,
                    "source_port_range": []
                  }
                ],
                "udp_options": []
              },
              {
                "icmp_options": [],
                "protocol": "6",
                "source": "10.0.2.0/24",
                "source_type": "CIDR_BLOCK",
                "stateless": false,
                "tcp_options": [
                  {
                    "max": 80,
                    "min": 80,
                    "source_port_range": []
                  }
                ],
                "udp_options": []
              }
            ],
            "state": "AVAILABLE",
            "time_created": "2019-12-05 09:21:41.109 +0000 UTC",
            "timeouts": null,
            "vcn_id": "ocid1.vcn.oc1.ap-seoul-1.aaaaaaaaxreik4vvagsw5tzntq25lu6mbj2no27cblcbi3noufavhwi2vigq"
          },
          "private": "eyJlMmJmYjczMC1lY2FhLTExZTYtOGY4OC0zNDM2M2JjN2M0YzAiOnsiY3JlYXRlIjo5MDAwMDAwMDAwMDAsImRlbGV0ZSI6OTAwMDAwMDAwMDAwLCJ1cGRhdGUiOjkwMDAwMDAwMDAwMH19",
          "dependencies": [
            "module.compartment.oci_identity_compartment.compartment",
            "module.compartment.random_id.random_id",
            "module.vcn.oci_core_internet_gateway.igw",
            "module.vcn.oci_core_route_table.public_rt",
            "module.vcn.oci_core_security_list.public_slt",
            "module.vcn.oci_core_subnet.public_subnet",
            "module.vcn.oci_core_virtual_network.vcn",
            "module.vcn.random_id.random_id"
          ]
        }
      ]
    },
    {
      "module": "module.vcn",
      "mode": "managed",
      "type": "oci_core_security_list",
      "name": "public_slt",
      "provider": "provider.oci",
      "instances": [
        {
          "schema_version": 0,
          "attributes": {
            "compartment_id": "ocid1.compartment.oc1..aaaaaaaaq3lh3cozqigm7fxynuymepp6rxtca43lw26yv4lirr3eo7fz4ayq",
            "defined_tags": {},
            "display_name": "dan-public_slt-36373",
            "egress_security_rules": [
              {
                "destination": "0.0.0.0/0",
                "destination_type": "CIDR_BLOCK",
                "icmp_options": [],
                "protocol": "6",
                "stateless": false,
                "tcp_options": [],
                "udp_options": []
              }
            ],
            "freeform_tags": {
              "freeform_tags": "Freeform Tags"
            },
            "id": "ocid1.securitylist.oc1.ap-seoul-1.aaaaaaaapeuhswldrirrklotzajh3xmot56c2vsvdroz6oa7zu7fphn2rfva",
            "ingress_security_rules": [
              {
                "icmp_options": [],
                "protocol": "6",
                "source": "0.0.0.0/0",
                "source_type": "CIDR_BLOCK",
                "stateless": false,
                "tcp_options": [
                  {
                    "max": 80,
                    "min": 80,
                    "source_port_range": []
                  }
                ],
                "udp_options": []
              }
            ],
            "state": "AVAILABLE",
            "time_created": "2019-12-05 09:21:40.217 +0000 UTC",
            "timeouts": null,
            "vcn_id": "ocid1.vcn.oc1.ap-seoul-1.aaaaaaaaxreik4vvagsw5tzntq25lu6mbj2no27cblcbi3noufavhwi2vigq"
          },
          "private": "eyJlMmJmYjczMC1lY2FhLTExZTYtOGY4OC0zNDM2M2JjN2M0YzAiOnsiY3JlYXRlIjo5MDAwMDAwMDAwMDAsImRlbGV0ZSI6OTAwMDAwMDAwMDAwLCJ1cGRhdGUiOjkwMDAwMDAwMDAwMH19",
          "dependencies": [
            "module.compartment.oci_identity_compartment.compartment",
            "module.compartment.random_id.random_id",
            "module.vcn.oci_core_virtual_network.vcn",
            "module.vcn.random_id.random_id"
          ]
        }
      ]
    },
    {
      "module": "module.vcn",
      "mode": "managed",
      "type": "oci_core_subnet",
      "name": "private_subnet",
      "provider": "provider.oci",
      "instances": [
        {
          "schema_version": 0,
          "attributes": {
            "availability_domain": "TOlV:AP-SEOUL-1-AD-1",
            "cidr_block": "10.0.1.0/24",
            "compartment_id": "ocid1.compartment.oc1..aaaaaaaaq3lh3cozqigm7fxynuymepp6rxtca43lw26yv4lirr3eo7fz4ayq",
            "defined_tags": {},
            "dhcp_options_id": "ocid1.dhcpoptions.oc1.ap-seoul-1.aaaaaaaantrbmxs37flmvnkxm4wwzq3xqw233kxh7fku4hckvfoi3fjgedxq",
            "display_name": "dan-private_subnet-36373",
            "dns_label": null,
            "freeform_tags": {
              "freeform_tags": "Freeform Tags"
            },
            "id": "ocid1.subnet.oc1.ap-seoul-1.aaaaaaaah27mgshbdttr2w3ivrwubdqzamsuysrkkl6t5ankdb4qlurouyga",
            "ipv6cidr_block": null,
            "ipv6public_cidr_block": null,
            "ipv6virtual_router_ip": null,
            "prohibit_public_ip_on_vnic": true,
            "route_table_id": "ocid1.routetable.oc1.ap-seoul-1.aaaaaaaarulmz4l7n2djrq7hldken5lab7k2nbawfsdnxdhjr67voh7whd7a",
            "security_list_ids": [
              "ocid1.securitylist.oc1.ap-seoul-1.aaaaaaaatdhlniil7dl4p2dhq76bmmyrvhllhl4lwpcnlggm7zj4po6zr36q"
            ],
            "state": "AVAILABLE",
            "subnet_domain_name": null,
            "time_created": "2019-12-05 09:21:41.476 +0000 UTC",
            "timeouts": null,
            "vcn_id": "ocid1.vcn.oc1.ap-seoul-1.aaaaaaaaxreik4vvagsw5tzntq25lu6mbj2no27cblcbi3noufavhwi2vigq",
            "virtual_router_ip": "10.0.1.1",
            "virtual_router_mac": "00:00:17:D3:B1:D9"
          },
          "private": "eyJlMmJmYjczMC1lY2FhLTExZTYtOGY4OC0zNDM2M2JjN2M0YzAiOnsiY3JlYXRlIjo5MDAwMDAwMDAwMDAsImRlbGV0ZSI6OTAwMDAwMDAwMDAwLCJ1cGRhdGUiOjkwMDAwMDAwMDAwMH19",
          "dependencies": [
            "module.compartment.oci_identity_compartment.compartment",
            "module.compartment.random_id.random_id",
            "module.vcn.oci_core_internet_gateway.igw",
            "module.vcn.oci_core_nat_gateway.nat",
            "module.vcn.oci_core_route_table.private_rt",
            "module.vcn.oci_core_route_table.public_rt",
            "module.vcn.oci_core_security_list.private_slt",
            "module.vcn.oci_core_security_list.public_slt",
            "module.vcn.oci_core_subnet.public_subnet",
            "module.vcn.oci_core_virtual_network.vcn",
            "module.vcn.random_id.random_id"
          ]
        }
      ]
    },
    {
      "module": "module.vcn",
      "mode": "managed",
      "type": "oci_core_subnet",
      "name": "public_subnet",
      "provider": "provider.oci",
      "instances": [
        {
          "schema_version": 0,
          "attributes": {
            "availability_domain": "TOlV:AP-SEOUL-1-AD-1",
            "cidr_block": "10.0.2.0/24",
            "compartment_id": "ocid1.compartment.oc1..aaaaaaaaq3lh3cozqigm7fxynuymepp6rxtca43lw26yv4lirr3eo7fz4ayq",
            "defined_tags": {},
            "dhcp_options_id": "ocid1.dhcpoptions.oc1.ap-seoul-1.aaaaaaaantrbmxs37flmvnkxm4wwzq3xqw233kxh7fku4hckvfoi3fjgedxq",
            "display_name": "dan-public_subnet-36373",
            "dns_label": null,
            "freeform_tags": {
              "freeform_tags": "Freeform Tags"
            },
            "id": "ocid1.subnet.oc1.ap-seoul-1.aaaaaaaal3ivnzbjl6fv43mf6tfqq4v6x4brrdpkdjfohk5ktcmviwsdjxga",
            "ipv6cidr_block": null,
            "ipv6public_cidr_block": null,
            "ipv6virtual_router_ip": null,
            "prohibit_public_ip_on_vnic": false,
            "route_table_id": "ocid1.routetable.oc1.ap-seoul-1.aaaaaaaafv4dt2mt7pvuouy3egz7gwn7xbtysxigmxckvsv46n5vh7ozpc3q",
            "security_list_ids": [
              "ocid1.securitylist.oc1.ap-seoul-1.aaaaaaaapeuhswldrirrklotzajh3xmot56c2vsvdroz6oa7zu7fphn2rfva"
            ],
            "state": "AVAILABLE",
            "subnet_domain_name": null,
            "time_created": "2019-12-05 09:21:40.837 +0000 UTC",
            "timeouts": null,
            "vcn_id": "ocid1.vcn.oc1.ap-seoul-1.aaaaaaaaxreik4vvagsw5tzntq25lu6mbj2no27cblcbi3noufavhwi2vigq",
            "virtual_router_ip": "10.0.2.1",
            "virtual_router_mac": "00:00:17:D3:B1:D9"
          },
          "private": "eyJlMmJmYjczMC1lY2FhLTExZTYtOGY4OC0zNDM2M2JjN2M0YzAiOnsiY3JlYXRlIjo5MDAwMDAwMDAwMDAsImRlbGV0ZSI6OTAwMDAwMDAwMDAwLCJ1cGRhdGUiOjkwMDAwMDAwMDAwMH19",
          "dependencies": [
            "module.compartment.oci_identity_compartment.compartment",
            "module.compartment.random_id.random_id",
            "module.vcn.oci_core_internet_gateway.igw",
            "module.vcn.oci_core_route_table.public_rt",
            "module.vcn.oci_core_security_list.public_slt",
            "module.vcn.oci_core_virtual_network.vcn",
            "module.vcn.random_id.random_id"
          ]
        }
      ]
    },
    {
      "module": "module.vcn",
      "mode": "managed",
      "type": "oci_core_virtual_network",
      "name": "vcn",
      "provider": "provider.oci",
      "instances": [
        {
          "schema_version": 0,
          "attributes": {
            "cidr_block": "10.0.0.0/16",
            "compartment_id": "ocid1.compartment.oc1..aaaaaaaaq3lh3cozqigm7fxynuymepp6rxtca43lw26yv4lirr3eo7fz4ayq",
            "default_dhcp_options_id": "ocid1.dhcpoptions.oc1.ap-seoul-1.aaaaaaaantrbmxs37flmvnkxm4wwzq3xqw233kxh7fku4hckvfoi3fjgedxq",
            "default_route_table_id": "ocid1.routetable.oc1.ap-seoul-1.aaaaaaaaurenawy32xz6hwc3yx75vrw3rjsa4wf6s7f2ekda6gr2buj4nqvq",
            "default_security_list_id": "ocid1.securitylist.oc1.ap-seoul-1.aaaaaaaadoit4wktjfvba3tiugh7ol6e5wk7nlytygltkg3or2lpr2k6e2oq",
            "defined_tags": {},
            "display_name": "dan-vcn-36373",
            "dns_label": null,
            "freeform_tags": {
              "freeform_tags": "Freeform Tags"
            },
            "id": "ocid1.vcn.oc1.ap-seoul-1.aaaaaaaaxreik4vvagsw5tzntq25lu6mbj2no27cblcbi3noufavhwi2vigq",
            "ipv6cidr_block": null,
            "ipv6public_cidr_block": null,
            "is_ipv6enabled": null,
            "state": "AVAILABLE",
            "time_created": "2019-12-05 09:21:39.708 +0000 UTC",
            "timeouts": null,
            "vcn_domain_name": null
          },
          "private": "eyJlMmJmYjczMC1lY2FhLTExZTYtOGY4OC0zNDM2M2JjN2M0YzAiOnsiY3JlYXRlIjo5MDAwMDAwMDAwMDAsImRlbGV0ZSI6OTAwMDAwMDAwMDAwLCJ1cGRhdGUiOjkwMDAwMDAwMDAwMH19",
          "dependencies": [
            "module.compartment.oci_identity_compartment.compartment",
            "module.compartment.random_id.random_id",
            "module.vcn.random_id.random_id"
          ]
        }
      ]
    },
    {
      "module": "module.compartment",
      "mode": "managed",
      "type": "oci_identity_compartment",
      "name": "compartment",
      "provider": "provider.oci",
      "instances": [
        {
          "schema_version": 0,
          "attributes": {
            "compartment_id": "ocid1.tenancy.oc1..aaaaaaaa2wzbzfdjd46g36dkrl7thlt3njtu7eoicp5waa7lekkigf6clnbq",
            "defined_tags": {},
            "description": "compartment created by terraform",
            "enable_delete": null,
            "freeform_tags": {
              "freeform_tags": "Freeform Tags"
            },
            "id": "ocid1.compartment.oc1..aaaaaaaaq3lh3cozqigm7fxynuymepp6rxtca43lw26yv4lirr3eo7fz4ayq",
            "inactive_state": null,
            "is_accessible": true,
            "name": "dan-compartment-14827",
            "state": "ACTIVE",
            "time_created": "2019-12-05 09:04:18.082 +0000 UTC",
            "timeouts": null
          },
          "private": "eyJlMmJmYjczMC1lY2FhLTExZTYtOGY4OC0zNDM2M2JjN2M0YzAiOnsiZGVsZXRlIjo1NDAwMDAwMDAwMDAwfX0=",
          "dependencies": [
            "module.compartment.random_id.random_id"
          ]
        }
      ]
    },
    {
      "module": "module.vcn",
      "mode": "managed",
      "type": "random_id",
      "name": "random_id",
      "provider": "provider.random",
      "instances": [
        {
          "schema_version": 0,
          "attributes": {
            "b64": "jhU",
            "b64_std": "jhU=",
            "b64_url": "jhU",
            "byte_length": 2,
            "dec": "36373",
            "hex": "8e15",
            "id": "jhU",
            "keepers": null,
            "prefix": null
          },
          "private": "bnVsbA=="
        }
      ]
    },
    {
      "module": "module.compute",
      "mode": "managed",
      "type": "random_id",
      "name": "random_id",
      "provider": "provider.random",
      "instances": [
        {
          "schema_version": 0,
          "attributes": {
            "b64": "Gfc",
            "b64_std": "Gfc=",
            "b64_url": "Gfc",
            "byte_length": 2,
            "dec": "6647",
            "hex": "19f7",
            "id": "Gfc",
            "keepers": null,
            "prefix": null
          },
          "private": "bnVsbA=="
        }
      ]
    },
    {
      "module": "module.compartment",
      "mode": "managed",
      "type": "random_id",
      "name": "random_id",
      "provider": "provider.random",
      "instances": [
        {
          "schema_version": 0,
          "attributes": {
            "b64": "Oes",
            "b64_std": "Oes=",
            "b64_url": "Oes",
            "byte_length": 2,
            "dec": "14827",
            "hex": "39eb",
            "id": "Oes",
            "keepers": null,
            "prefix": null
          },
          "private": "bnVsbA=="
        }
      ]
    }
  ]
}
